
Microsoft Visual Studio Solution File, Format Version 12.00
# Visual Studio 2013
VisualStudioVersion = 12.0.21005.1
MinimumVisualStudioVersion = 10.0.40219.1
Project("{FAE04EC0-301F-11D3-BF4B-00C04F79EFBC}") = "KMeansAlg", "KMeansAlg\KMeansAlg.csproj", "{B0D8F5BB-81BE-4555-937D-72CCC49AC4D1}"
EndProject
Project("{FAE04EC0-301F-11D3-BF4B-00C04F79EFBC}") = "MaxMinAlg", "MaxMinAlg\MaxMinAlg.csproj", "{69EA5FB9-ADF1-4425-B120-D614C06140FF}"
EndProject
Project("{FAE04EC0-301F-11D3-BF4B-00C04F79EFBC}") = "lab2", "lab2\lab2.csproj", "{E10D9777-6232-4CFF-A957-F5C9E47E9C1C}"
EndProject
Global
	GlobalSection(SolutionConfigurationPlatforms) = preSolution
		Debug|Any CPU = Debug|Any CPU
		Release|Any CPU = Release|Any CPU
	EndGlobalSection
	GlobalSection(ProjectConfigurationPlatforms) = postSolution
		{B0D8F5BB-81BE-4555-937D-72CCC49AC4D1}.Debug|Any CPU.ActiveCfg = Debug|Any CPU
		{B0D8F5BB-81BE-4555-937D-72CCC49AC4D1}.Debug|Any CPU.Build.0 = Debug|Any CPU
		{B0D8F5BB-81BE-4555-937D-72CCC49AC4D1}.Release|Any CPU.ActiveCfg = Release|Any CPU
		{B0D8F5BB-81BE-4555-937D-72CCC49AC4D1}.Release|Any CPU.Build.0 = Release|Any CPU
		{69EA5FB9-ADF1-4425-B120-D614C06140FF}.Debug|Any CPU.ActiveCfg = Debug|Any CPU
		{69EA5FB9-ADF1-4425-B120-D614C06140FF}.Debug|Any CPU.Build.0 = Debug|Any CPU
		{69EA5FB9-ADF1-4425-B120-D614C06140FF}.Release|Any CPU.ActiveCfg = Release|Any CPU
		{69EA5FB9-ADF1-4425-B120-D614C06140FF}.Release|Any CPU.Build.0 = Release|Any CPU
		{E10D9777-6232-4CFF-A957-F5C9E47E9C1C}.Debug|Any CPU.ActiveCfg = Debug|Any CPU
		{E10D9777-6232-4CFF-A957-F5C9E47E9C1C}.Debug|Any CPU.Build.0 = Debug|Any CPU
		{E10D9777-6232-4CFF-A957-F5C9E47E9C1C}.Release|Any CPU.ActiveCfg = Release|Any CPU
		{E10D9777-6232-4CFF-A957-F5C9E47E9C1C}.Release|Any CPU.Build.0 = Release|Any CPU
	EndGlobalSection
	GlobalSection(SolutionProperties) = preSolution
		HideSolutionNode = FALSE
	EndGlobalSection
EndGlobal
